
Microsoft Visual Studio Solution File, Format Version 12.00
# Visual Studio Version 17
VisualStudioVersion = 17.10.34928.147
MinimumVisualStudioVersion = 10.0.40219.1
Project("{FAE04EC0-301F-11D3-BF4B-00C04F79EFBC}") = "CurdOperation", "CurdOperation\CurdOperation.csproj", "{E7092707-9220-41D0-AE4A-0D18499963C7}"
EndProject
Global
	GlobalSection(SolutionConfigurationPlatforms) = preSolution
		Debug|Any CPU = Debug|Any CPU
		Release|Any CPU = Release|Any CPU
	EndGlobalSection
	GlobalSection(ProjectConfigurationPlatforms) = postSolution
		{E7092707-9220-41D0-AE4A-0D18499963C7}.Debug|Any CPU.ActiveCfg = Debug|Any CPU
		{E7092707-9220-41D0-AE4A-0D18499963C7}.Debug|Any CPU.Build.0 = Debug|Any CPU
		{E7092707-9220-41D0-AE4A-0D18499963C7}.Release|Any CPU.ActiveCfg = Release|Any CPU
		{E7092707-9220-41D0-AE4A-0D18499963C7}.Release|Any CPU.Build.0 = Release|Any CPU
	EndGlobalSection
	GlobalSection(SolutionProperties) = preSolution
		HideSolutionNode = FALSE
	EndGlobalSection
	GlobalSection(ExtensibilityGlobals) = postSolution
		SolutionGuid = {D05E1CEC-46E7-4590-A6CB-5FA75A28F903}
	EndGlobalSection
EndGlobal
